
Microsoft Visual Studio Solution File, Format Version 12.00
# Visual Studio 2012
Project("{2150E333-8FDC-42A3-9474-1A3956D46DE8}") = "Examples", "Examples", "{125B1C05-BACC-447A-BE66-A97FD5848C56}"
EndProject
Project("{FAE04EC0-301F-11D3-BF4B-00C04F79EFBC}") = "StoreStuff", "..\Projects\Examples\StoreStuff\StoreStuff.csproj", "{5572F9C1-0D3F-4187-A546-284A15033B36}"
EndProject
Project("{FAE04EC0-301F-11D3-BF4B-00C04F79EFBC}") = "SystemDot.Db", "..\Projects\SystemDot.Db\SystemDot.Db.csproj", "{A2D9BE2D-51A4-47CC-A40F-E92148C98E8F}"
EndProject
Project("{FAE04EC0-301F-11D3-BF4B-00C04F79EFBC}") = "SystemDot.Db.Esent", "..\Projects\SystemDot.Db.Esent\SystemDot.Db.Esent.csproj", "{3DE87A83-5D14-4A0E-9F83-61D2FC58211B}"
EndProject
Global
	GlobalSection(SolutionConfigurationPlatforms) = preSolution
		Debug|Any CPU = Debug|Any CPU
		Release|Any CPU = Release|Any CPU
	EndGlobalSection
	GlobalSection(ProjectConfigurationPlatforms) = postSolution
		{5572F9C1-0D3F-4187-A546-284A15033B36}.Debug|Any CPU.ActiveCfg = Debug|Any CPU
		{5572F9C1-0D3F-4187-A546-284A15033B36}.Debug|Any CPU.Build.0 = Debug|Any CPU
		{5572F9C1-0D3F-4187-A546-284A15033B36}.Release|Any CPU.ActiveCfg = Release|Any CPU
		{5572F9C1-0D3F-4187-A546-284A15033B36}.Release|Any CPU.Build.0 = Release|Any CPU
		{A2D9BE2D-51A4-47CC-A40F-E92148C98E8F}.Debug|Any CPU.ActiveCfg = Debug|Any CPU
		{A2D9BE2D-51A4-47CC-A40F-E92148C98E8F}.Debug|Any CPU.Build.0 = Debug|Any CPU
		{A2D9BE2D-51A4-47CC-A40F-E92148C98E8F}.Release|Any CPU.ActiveCfg = Release|Any CPU
		{A2D9BE2D-51A4-47CC-A40F-E92148C98E8F}.Release|Any CPU.Build.0 = Release|Any CPU
		{3DE87A83-5D14-4A0E-9F83-61D2FC58211B}.Debug|Any CPU.ActiveCfg = Debug|Any CPU
		{3DE87A83-5D14-4A0E-9F83-61D2FC58211B}.Debug|Any CPU.Build.0 = Debug|Any CPU
		{3DE87A83-5D14-4A0E-9F83-61D2FC58211B}.Release|Any CPU.ActiveCfg = Release|Any CPU
		{3DE87A83-5D14-4A0E-9F83-61D2FC58211B}.Release|Any CPU.Build.0 = Release|Any CPU
	EndGlobalSection
	GlobalSection(SolutionProperties) = preSolution
		HideSolutionNode = FALSE
	EndGlobalSection
	GlobalSection(NestedProjects) = preSolution
		{5572F9C1-0D3F-4187-A546-284A15033B36} = {125B1C05-BACC-447A-BE66-A97FD5848C56}
	EndGlobalSection
EndGlobal
